
Microsoft Visual Studio Solution File, Format Version 12.00
# Visual Studio Version 17
VisualStudioVersion = 17.0.31903.59
MinimumVisualStudioVersion = 10.0.40219.1
Project("{2150E333-8FDC-42A3-9474-1A3956D46DE8}") = "src", "src", "{F5C1C71E-5D14-47C0-80E9-DE5F11601F86}"
EndProject
Project("{FAE04EC0-301F-11D3-BF4B-00C04F79EFBC}") = "EmployeeDeskBooking.Domain", "src\EmployeeDeskBooking.Domain\EmployeeDeskBooking.Domain.csproj", "{A9D696EC-A6E8-4DF4-9FD7-19F953BF53B2}"
EndProject
Project("{FAE04EC0-301F-11D3-BF4B-00C04F79EFBC}") = "EmployeeDeskBooking.Application", "src\EmployeeDeskBooking.Application\EmployeeDeskBooking.Application.csproj", "{9956FA7A-41E1-4419-BD87-6970A50C62B6}"
EndProject
Project("{FAE04EC0-301F-11D3-BF4B-00C04F79EFBC}") = "EmployeeDeskBooking.Infrastructure", "src\EmployeeDeskBooking.Infrastructure\EmployeeDeskBooking.Infrastructure.csproj", "{EDEAF6FC-E432-4943-9B9A-E9490155F2CE}"
EndProject
Project("{FAE04EC0-301F-11D3-BF4B-00C04F79EFBC}") = "EmployeeDeskBooking.Web", "src\EmployeeDeskBooking.Web\EmployeeDeskBooking.Web.csproj", "{0DF7EB97-328C-4E5E-9EEE-940532D72253}"
EndProject
Project("{FAE04EC0-301F-11D3-BF4B-00C04F79EFBC}") = "EmployeeDeskBooking.Api", "src\EmployeeDeskBooking.Api\EmployeeDeskBooking.Api.csproj", "{EE76E516-BDAD-4C07-9BB5-998598CB4440}"
EndProject
Project("{2150E333-8FDC-42A3-9474-1A3956D46DE8}") = "tests", "tests", "{4F8B294A-E7CD-412E-96FF-6423194FC305}"
EndProject
Project("{FAE04EC0-301F-11D3-BF4B-00C04F79EFBC}") = "EmployeeDeskBooking.Tests", "tests\EmployeeDeskBooking.Tests\EmployeeDeskBooking.Tests.csproj", "{3A6ADEA9-4F60-4711-BE04-946958CF1ACF}"
EndProject
Global
	GlobalSection(SolutionConfigurationPlatforms) = preSolution
		Debug|Any CPU = Debug|Any CPU
		Release|Any CPU = Release|Any CPU
	EndGlobalSection
	GlobalSection(SolutionProperties) = preSolution
		HideSolutionNode = FALSE
	EndGlobalSection
	GlobalSection(ProjectConfigurationPlatforms) = postSolution
		{A9D696EC-A6E8-4DF4-9FD7-19F953BF53B2}.Debug|Any CPU.ActiveCfg = Debug|Any CPU
		{A9D696EC-A6E8-4DF4-9FD7-19F953BF53B2}.Debug|Any CPU.Build.0 = Debug|Any CPU
		{A9D696EC-A6E8-4DF4-9FD7-19F953BF53B2}.Release|Any CPU.ActiveCfg = Release|Any CPU
		{A9D696EC-A6E8-4DF4-9FD7-19F953BF53B2}.Release|Any CPU.Build.0 = Release|Any CPU
		{9956FA7A-41E1-4419-BD87-6970A50C62B6}.Debug|Any CPU.ActiveCfg = Debug|Any CPU
		{9956FA7A-41E1-4419-BD87-6970A50C62B6}.Debug|Any CPU.Build.0 = Debug|Any CPU
		{9956FA7A-41E1-4419-BD87-6970A50C62B6}.Release|Any CPU.ActiveCfg = Release|Any CPU
		{9956FA7A-41E1-4419-BD87-6970A50C62B6}.Release|Any CPU.Build.0 = Release|Any CPU
		{EDEAF6FC-E432-4943-9B9A-E9490155F2CE}.Debug|Any CPU.ActiveCfg = Debug|Any CPU
		{EDEAF6FC-E432-4943-9B9A-E9490155F2CE}.Debug|Any CPU.Build.0 = Debug|Any CPU
		{EDEAF6FC-E432-4943-9B9A-E9490155F2CE}.Release|Any CPU.ActiveCfg = Release|Any CPU
		{EDEAF6FC-E432-4943-9B9A-E9490155F2CE}.Release|Any CPU.Build.0 = Release|Any CPU
		{0DF7EB97-328C-4E5E-9EEE-940532D72253}.Debug|Any CPU.ActiveCfg = Debug|Any CPU
		{0DF7EB97-328C-4E5E-9EEE-940532D72253}.Debug|Any CPU.Build.0 = Debug|Any CPU
		{0DF7EB97-328C-4E5E-9EEE-940532D72253}.Release|Any CPU.ActiveCfg = Release|Any CPU
		{0DF7EB97-328C-4E5E-9EEE-940532D72253}.Release|Any CPU.Build.0 = Release|Any CPU
		{EE76E516-BDAD-4C07-9BB5-998598CB4440}.Debug|Any CPU.ActiveCfg = Debug|Any CPU
		{EE76E516-BDAD-4C07-9BB5-998598CB4440}.Debug|Any CPU.Build.0 = Debug|Any CPU
		{EE76E516-BDAD-4C07-9BB5-998598CB4440}.Release|Any CPU.ActiveCfg = Release|Any CPU
		{EE76E516-BDAD-4C07-9BB5-998598CB4440}.Release|Any CPU.Build.0 = Release|Any CPU
		{3A6ADEA9-4F60-4711-BE04-946958CF1ACF}.Debug|Any CPU.ActiveCfg = Debug|Any CPU
		{3A6ADEA9-4F60-4711-BE04-946958CF1ACF}.Debug|Any CPU.Build.0 = Debug|Any CPU
		{3A6ADEA9-4F60-4711-BE04-946958CF1ACF}.Release|Any CPU.ActiveCfg = Release|Any CPU
		{3A6ADEA9-4F60-4711-BE04-946958CF1ACF}.Release|Any CPU.Build.0 = Release|Any CPU
	EndGlobalSection
	GlobalSection(NestedProjects) = preSolution
		{A9D696EC-A6E8-4DF4-9FD7-19F953BF53B2} = {F5C1C71E-5D14-47C0-80E9-DE5F11601F86}
		{9956FA7A-41E1-4419-BD87-6970A50C62B6} = {F5C1C71E-5D14-47C0-80E9-DE5F11601F86}
		{EDEAF6FC-E432-4943-9B9A-E9490155F2CE} = {F5C1C71E-5D14-47C0-80E9-DE5F11601F86}
		{0DF7EB97-328C-4E5E-9EEE-940532D72253} = {F5C1C71E-5D14-47C0-80E9-DE5F11601F86}
		{EE76E516-BDAD-4C07-9BB5-998598CB4440} = {F5C1C71E-5D14-47C0-80E9-DE5F11601F86}
		{3A6ADEA9-4F60-4711-BE04-946958CF1ACF} = {4F8B294A-E7CD-412E-96FF-6423194FC305}
	EndGlobalSection
EndGlobal
